
Microsoft Visual Studio Solution File, Format Version 12.00
# Visual Studio Version 16
VisualStudioVersion = 16.0.30907.101
MinimumVisualStudioVersion = 10.0.40219.1
Project("{FAE04EC0-301F-11D3-BF4B-00C04F79EFBC}") = "QLKS", "QLKS\QLKS.csproj", "{A6E643DC-ED85-43A6-96B0-887E5E6BB17B}"
EndProject
Global
	GlobalSection(SolutionConfigurationPlatforms) = preSolution
		Debug|Any CPU = Debug|Any CPU
		Release|Any CPU = Release|Any CPU
	EndGlobalSection
	GlobalSection(ProjectConfigurationPlatforms) = postSolution
		{A6E643DC-ED85-43A6-96B0-887E5E6BB17B}.Debug|Any CPU.ActiveCfg = Debug|Any CPU
		{A6E643DC-ED85-43A6-96B0-887E5E6BB17B}.Debug|Any CPU.Build.0 = Debug|Any CPU
		{A6E643DC-ED85-43A6-96B0-887E5E6BB17B}.Release|Any CPU.ActiveCfg = Release|Any CPU
		{A6E643DC-ED85-43A6-96B0-887E5E6BB17B}.Release|Any CPU.Build.0 = Release|Any CPU
	EndGlobalSection
	GlobalSection(SolutionProperties) = preSolution
		HideSolutionNode = FALSE
	EndGlobalSection
	GlobalSection(ExtensibilityGlobals) = postSolution
		SolutionGuid = {FF39778A-CDB2-45F6-AF19-D7382415D271}
	EndGlobalSection
EndGlobal
